
Microsoft Visual Studio Solution File, Format Version 12.00
# Visual Studio Version 17
VisualStudioVersion = 17.11.35327.3
MinimumVisualStudioVersion = 10.0.40219.1
Project("{FAE04EC0-301F-11D3-BF4B-00C04F79EFBC}") = "Imgui CSharp App Template", "Imgui CSharp App Template.csproj", "{8D86489F-5326-4E55-84AF-9E2372A57E18}"
EndProject
Global
	GlobalSection(SolutionConfigurationPlatforms) = preSolution
		Debug|Any CPU = Debug|Any CPU
		Release|Any CPU = Release|Any CPU
	EndGlobalSection
	GlobalSection(ProjectConfigurationPlatforms) = postSolution
		{8D86489F-5326-4E55-84AF-9E2372A57E18}.Debug|Any CPU.ActiveCfg = Debug|Any CPU
		{8D86489F-5326-4E55-84AF-9E2372A57E18}.Debug|Any CPU.Build.0 = Debug|Any CPU
		{8D86489F-5326-4E55-84AF-9E2372A57E18}.Release|Any CPU.ActiveCfg = Release|Any CPU
		{8D86489F-5326-4E55-84AF-9E2372A57E18}.Release|Any CPU.Build.0 = Release|Any CPU
	EndGlobalSection
	GlobalSection(SolutionProperties) = preSolution
		HideSolutionNode = FALSE
	EndGlobalSection
	GlobalSection(ExtensibilityGlobals) = postSolution
		SolutionGuid = {9CA85F7B-7861-4F7D-BB54-4E45806AC41C}
	EndGlobalSection
EndGlobal
